
Microsoft Visual Studio Solution File, Format Version 12.00
# Visual Studio Version 17
VisualStudioVersion = 17.13.35913.81 d17.13
MinimumVisualStudioVersion = 10.0.40219.1
Project("{FAE04EC0-301F-11D3-BF4B-00C04F79EFBC}") = "InsuranceManagementSystem", "InsuranceManagementSystem.csproj", "{B236174E-FF1D-45EA-BED4-430B5DFE610C}"
EndProject
Project("{FAE04EC0-301F-11D3-BF4B-00C04F79EFBC}") = "PolicyTest", "..\PolicyTest\PolicyTest.csproj", "{BFFF8C9D-C23D-478F-880A-47EFD384C460}"
EndProject
Global
	GlobalSection(SolutionConfigurationPlatforms) = preSolution
		Debug|Any CPU = Debug|Any CPU
		Release|Any CPU = Release|Any CPU
	EndGlobalSection
	GlobalSection(ProjectConfigurationPlatforms) = postSolution
		{B236174E-FF1D-45EA-BED4-430B5DFE610C}.Debug|Any CPU.ActiveCfg = Debug|Any CPU
		{B236174E-FF1D-45EA-BED4-430B5DFE610C}.Debug|Any CPU.Build.0 = Debug|Any CPU
		{B236174E-FF1D-45EA-BED4-430B5DFE610C}.Release|Any CPU.ActiveCfg = Release|Any CPU
		{B236174E-FF1D-45EA-BED4-430B5DFE610C}.Release|Any CPU.Build.0 = Release|Any CPU
		{BFFF8C9D-C23D-478F-880A-47EFD384C460}.Debug|Any CPU.ActiveCfg = Debug|Any CPU
		{BFFF8C9D-C23D-478F-880A-47EFD384C460}.Debug|Any CPU.Build.0 = Debug|Any CPU
		{BFFF8C9D-C23D-478F-880A-47EFD384C460}.Release|Any CPU.ActiveCfg = Release|Any CPU
		{BFFF8C9D-C23D-478F-880A-47EFD384C460}.Release|Any CPU.Build.0 = Release|Any CPU
	EndGlobalSection
	GlobalSection(SolutionProperties) = preSolution
		HideSolutionNode = FALSE
	EndGlobalSection
	GlobalSection(ExtensibilityGlobals) = postSolution
		SolutionGuid = {EBA62821-B3AE-4066-B3FA-FA7B56BAB95E}
	EndGlobalSection
EndGlobal
